
Microsoft Visual Studio Solution File, Format Version 12.00
# Visual Studio Version 17
VisualStudioVersion = 17.9.34622.214
MinimumVisualStudioVersion = 10.0.40219.1
Project("{FAE04EC0-301F-11D3-BF4B-00C04F79EFBC}") = "Arreglar el programa 2.0", "Arreglar el programa 2.0\Arreglar el programa 2.0.csproj", "{191BC4E8-735E-48D1-BE26-81E1D0AAFC1F}"
EndProject
Global
	GlobalSection(SolutionConfigurationPlatforms) = preSolution
		Debug|Any CPU = Debug|Any CPU
		Release|Any CPU = Release|Any CPU
	EndGlobalSection
	GlobalSection(ProjectConfigurationPlatforms) = postSolution
		{191BC4E8-735E-48D1-BE26-81E1D0AAFC1F}.Debug|Any CPU.ActiveCfg = Debug|Any CPU
		{191BC4E8-735E-48D1-BE26-81E1D0AAFC1F}.Debug|Any CPU.Build.0 = Debug|Any CPU
		{191BC4E8-735E-48D1-BE26-81E1D0AAFC1F}.Release|Any CPU.ActiveCfg = Release|Any CPU
		{191BC4E8-735E-48D1-BE26-81E1D0AAFC1F}.Release|Any CPU.Build.0 = Release|Any CPU
	EndGlobalSection
	GlobalSection(SolutionProperties) = preSolution
		HideSolutionNode = FALSE
	EndGlobalSection
	GlobalSection(ExtensibilityGlobals) = postSolution
		SolutionGuid = {CDD5A994-1640-4A15-94EF-9E0721081941}
	EndGlobalSection
EndGlobal
